
Microsoft Visual Studio Solution File, Format Version 12.00
# Visual Studio 2012
Project("{FAE04EC0-301F-11D3-BF4B-00C04F79EFBC}") = "Smuggle", "Smuggle\Smuggle.csproj", "{F4F479A5-B732-4BB8-8046-F1F699F8530B}"
EndProject
Global
	GlobalSection(SolutionConfigurationPlatforms) = preSolution
		Debug|Any CPU = Debug|Any CPU
		Release|Any CPU = Release|Any CPU
	EndGlobalSection
	GlobalSection(ProjectConfigurationPlatforms) = postSolution
		{F4F479A5-B732-4BB8-8046-F1F699F8530B}.Debug|Any CPU.ActiveCfg = Debug|Any CPU
		{F4F479A5-B732-4BB8-8046-F1F699F8530B}.Debug|Any CPU.Build.0 = Debug|Any CPU
		{F4F479A5-B732-4BB8-8046-F1F699F8530B}.Release|Any CPU.ActiveCfg = Release|Any CPU
		{F4F479A5-B732-4BB8-8046-F1F699F8530B}.Release|Any CPU.Build.0 = Release|Any CPU
	EndGlobalSection
	GlobalSection(SolutionProperties) = preSolution
		HideSolutionNode = FALSE
	EndGlobalSection
EndGlobal
